// !$*UTF8*$!
{
	archiveVersion = 1;
	classes = {
	};
	objectVersion = 46;
	objects = {

/* Begin PBXBuildFile section */
		1D7B277B1A3E19B000E4055C /* AppDelegate.swift in Sources */ = {isa = PBXBuildFile; fileRef = 1D7B277A1A3E19B000E4055C /* AppDelegate.swift */; };
		1D7B277D1A3E19B000E4055C /* ViewController.swift in Sources */ = {isa = PBXBuildFile; fileRef = 1D7B277C1A3E19B000E4055C /* ViewController.swift */; };
		1D7B27801A3E19B000E4055C /* Main.storyboard in Resources */ = {isa = PBXBuildFile; fileRef = 1D7B277E1A3E19B000E4055C /* Main.storyboard */; };
		1D7B27821A3E19B000E4055C /* Images.xcassets in Resources */ = {isa = PBXBuildFile; fileRef = 1D7B27811A3E19B000E4055C /* Images.xcassets */; };
		1D7B27851A3E19B000E4055C /* LaunchScreen.xib in Resources */ = {isa = PBXBuildFile; fileRef = 1D7B27831A3E19B000E4055C /* LaunchScreen.xib */; };
		1D7B27911A3E19B000E4055C /* LionAndTigerTests.swift in Sources */ = {isa = PBXBuildFile; fileRef = 1D7B27901A3E19B000E4055C /* LionAndTigerTests.swift */; };
/* End PBXBuildFile section */

/* Begin PBXContainerItemProxy section */
		1D7B278B1A3E19B000E4055C /* PBXContainerItemProxy */ = {
			isa = PBXContainerItemProxy;
			containerPortal = 1D7B276D1A3E19AE00E4055C /* Project object */;
			proxyType = 1;
			remoteGlobalIDString = 1D7B27741A3E19AF00E4055C;
			remoteInfo = LionAndTiger;
		};
/* End PBXContainerItemProxy section */

/* Begin PBXFileReference section */
		1D7B27751A3E19AF00E4055C /* LionAndTiger.app */ = {isa = PBXFileReference; explicitFileType = wrapper.application; includeInIndex = 0; path = LionAndTiger.app; sourceTree = BUILT_PRODUCTS_DIR; };
		1D7B27791A3E19B000E4055C /* Info.plist */ = {isa = PBXFileReference; lastKnownFileType = text.plist.xml; path = Info.plist; sourceTree = "<group>"; };
		1D7B277A1A3E19B000E4055C /* AppDelegate.swift */ = {isa = PBXFileReference; lastKnownFileType = sourcecode.swift; path = AppDelegate.swift; sourceTree = "<group>"; };
		1D7B277C1A3E19B000E4055C /* ViewController.swift */ = {isa = PBXFileReference; lastKnownFileType = sourcecode.swift; path = ViewController.swift; sourceTree = "<group>"; };
		1D7B277F1A3E19B000E4055C /* Base */ = {isa = PBXFileReference; lastKnownFileType = file.storyboard; name = Base; path = Base.lproj/Main.storyboard; sourceTree = "<group>"; };
		1D7B27811A3E19B000E4055C /* Images.xcassets */ = {isa = PBXFileReference; lastKnownFileType = folder.assetcatalog; path = Images.xcassets; sourceTree = "<group>"; };
		1D7B27841A3E19B000E4055C /* Base */ = {isa = PBXFileReference; lastKnownFileType = file.xib; name = Base; path = Base.lproj/LaunchScreen.xib; sourceTree = "<group>"; };
		1D7B278A1A3E19B000E4055C /* LionAndTigerTests.xctest */ = {isa = PBXFileReference; explicitFileType = wrapper.cfbundle; includeInIndex = 0; path = LionAndTigerTests.xctest; sourceTree = BUILT_PRODUCTS_DIR; };
		1D7B278F1A3E19B000E4055C /* Info.plist */ = {isa = PBXFileReference; lastKnownFileType = text.plist.xml; path = Info.plist; sourceTree = "<group>"; };
		1D7B27901A3E19B000E4055C /* LionAndTigerTests.swift */ = {isa = PBXFileReference; lastKnownFileType = sourcecode.swift; path = LionAndTigerTests.swift; sourceTree = "<group>"; };
/* End PBXFileReference section */

/* Begin PBXFrameworksBuildPhase section */
		1D7B27721A3E19AF00E4055C /* Frameworks */ = {
			isa = PBXFrameworksBuildPhase;
			buildActionMask = 2147483647;
			files = (
			);
			runOnlyForDeploymentPostprocessing = 0;
		};
		1D7B27871A3E19B000E4055C /* Frameworks */ = {
			isa = PBXFrameworksBuildPhase;
			buildActionMask = 2147483647;
			files = (
			);
			runOnlyForDeploymentPostprocessing = 0;
		};
/* End PBXFrameworksBuildPhase section */

/* Begin PBXGroup section */
		1D7B276C1A3E19AE00E4055C = {
			isa = PBXGroup;
			children = (
				1D7B27771A3E19AF00E4055C /* LionAndTiger */,
				1D7B278D1A3E19B000E4055C /* LionAndTigerTests */,
				1D7B27761A3E19AF00E4055C /* Products */,
			);
			sourceTree = "<group>";
		};
		1D7B27761A3E19AF00E4055C /* Products */ = {
			isa = PBXGroup;
			children = (
				1D7B27751A3E19AF00E4055C /* LionAndTiger.app */,
				1D7B278A1A3E19B000E4055C /* LionAndTigerTests.xctest */,
			);
			name = Products;
			sourceTree = "<group>";
		};
		1D7B27771A3E19AF00E4055C /* LionAndTiger */ = {
			isa = PBXGroup;
			children = (
				1D7B277A1A3E19B000E4055C /* AppDelegate.swift */,
				1D7B277C1A3E19B000E4055C /* ViewController.swift */,
				1D7B277E1A3E19B000E4055C /* Main.storyboard */,
				1D7B27811A3E19B000E4055C /* Images.xcassets */,
				1D7B27831A3E19B000E4055C /* LaunchScreen.xib */,
				1D7B27781A3E19B000E4055C /* Supporting Files */,
			);
			path = LionAndTiger;
			sourceTree = "<group>";
		};
		1D7B27781A3E19B000E4055C /* Supporting Files */ = {
			isa = PBXGroup;
			children = (
				1D7B27791A3E19B000E4055C /* Info.plist */,
			);
			name = "Supporting Files";
			sourceTree = "<group>";
		};
		1D7B278D1A3E19B000E4055C /* LionAndTigerTests */ = {
			isa = PBXGroup;
			children = (
				1D7B27901A3E19B000E4055C /* LionAndTigerTests.swift */,
				1D7B278E1A3E19B000E4055C /* Supporting Files */,
			);
			path = LionAndTigerTests;
			sourceTree = "<group>";
		};
		1D7B278E1A3E19B000E4055C /* Supporting Files */ = {
			isa = PBXGroup;
			children = (
				1D7B278F1A3E19B000E4055C /* Info.plist */,
			);
			name = "Supporting Files";
			sourceTree = "<group>";
		};
/* End PBXGroup section */

/* Begin PBXNativeTarget section */
		1D7B27741A3E19AF00E4055C /* LionAndTiger */ = {
			isa = PBXNativeTarget;
			buildConfigurationList = 1D7B27941A3E19B000E4055C /* Build configuration list for PBXNativeTarget "LionAndTiger" */;
			buildPhases = (
				1D7B27711A3E19AF00E4055C /* Sources */,
				1D7B27721A3E19AF00E4055C /* Frameworks */,
				1D7B27731A3E19AF00E4055C /* Resources */,
			);
			buildRules = (
			);
			dependencies = (
			);
			name = LionAndTiger;
			productName = LionAndTiger;
			productReference = 1D7B27751A3E19AF00E4055C /* LionAndTiger.app */;
			productType = "com.apple.product-type.application";
		};
		1D7B27891A3E19B000E4055C /* LionAndTigerTests */ = {
			isa = PBXNativeTarget;
			buildConfigurationList = 1D7B27971A3E19B000E4055C /* Build configuration list for PBXNativeTarget "LionAndTigerTests" */;
			buildPhases = (
				1D7B27861A3E19B000E4055C /* Sources */,
				1D7B27871A3E19B000E4055C /* Frameworks */,
				1D7B27881A3E19B000E4055C /* Resources */,
			);
			buildRules = (
			);
			dependencies = (
				1D7B278C1A3E19B000E4055C /* PBXTargetDependency */,
			);
			name = LionAndTigerTests;
			productName = LionAndTigerTests;
			productReference = 1D7B278A1A3E19B000E4055C /* LionAndTigerTests.xctest */;
			productType = "com.apple.product-type.bundle.unit-test";
		};
/* End PBXNativeTarget section */

/* Begin PBXProject section */
		1D7B276D1A3E19AE00E4055C /* Project object */ = {
			isa = PBXProject;
			attributes = {
				LastUpgradeCheck = 0610;
				ORGANIZATIONNAME = "___nhatmap___";
				TargetAttributes = {
					1D7B27741A3E19AF00E4055C = {
						CreatedOnToolsVersion = 6.1.1;
					};
					1D7B27891A3E19B000E4055C = {
						CreatedOnToolsVersion = 6.1.1;
						TestTargetID = 1D7B27741A3E19AF00E4055C;
					};
				};
			};
			buildConfigurationList = 1D7B27701A3E19AE00E4055C /* Build configuration list for PBXProject "LionAndTiger" */;
			compatibilityVersion = "Xcode 3.2";
			developmentRegion = English;
			hasScannedForEncodings = 0;
			knownRegions = (
				en,
				Base,
			);
			mainGroup = 1D7B276C1A3E19AE00E4055C;
			productRefGroup = 1D7B27761A3E19AF00E4055C /* Products */;
			projectDirPath = "";
			projectRoot = "";
			targets = (
				1D7B27741A3E19AF00E4055C /* LionAndTiger */,
				1D7B27891A3E19B000E4055C /* LionAndTigerTests */,
			);
		};
/* End PBXProject section */

/* Begin PBXResourcesBuildPhase section */
		1D7B27731A3E19AF00E4055C /* Resources */ = {
			isa = PBXResourcesBuildPhase;
			buildActionMask = 2147483647;
			files = (
				1D7B27801A3E19B000E4055C /* Main.storyboard in Resources */,
				1D7B27851A3E19B000E4055C /* LaunchScreen.xib in Resources */,
				1D7B27821A3E19B000E4055C /* Images.xcassets in Resources */,
			);
			runOnlyForDeploymentPostprocessing = 0;
		};
		1D7B27881A3E19B000E4055C /* Resources */ = {
			isa = PBXResourcesBuildPhase;
			buildActionMask = 2147483647;
			files = (
			);
			runOnlyForDeploymentPostprocessing = 0;
		};
/* End PBXResourcesBuildPhase section */

/* Begin PBXSourcesBuildPhase section */
		1D7B27711A3E19AF00E4055C /* Sources */ = {
			isa = PBXSourcesBuildPhase;
			buildActionMask = 2147483647;
			files = (
				1D7B277D1A3E19B000E4055C /* ViewController.swift in Sources */,
				1D7B277B1A3E19B000E4055C /* AppDelegate.swift in Sources */,
			);
			runOnlyForDeploymentPostprocessing = 0;
		};
		1D7B27861A3E19B000E4055C /* Sources */ = {
			isa = PBXSourcesBuildPhase;
			buildActionMask = 2147483647;
			files = (
				1D7B27911A3E19B000E4055C /* LionAndTigerTests.swift in Sources */,
			);
			runOnlyForDeploymentPostprocessing = 0;
		};
/* End PBXSourcesBuildPhase section */

/* Begin PBXTargetDependency section */
		1D7B278C1A3E19B000E4055C /* PBXTargetDependency */ = {
			isa = PBXTargetDependency;
			target = 1D7B27741A3E19AF00E4055C /* LionAndTiger */;
			targetProxy = 1D7B278B1A3E19B000E4055C /* PBXContainerItemProxy */;
		};
/* End PBXTargetDependency section */

/* Begin PBXVariantGroup section */
		1D7B277E1A3E19B000E4055C /* Main.storyboard */ = {
			isa = PBXVariantGroup;
			children = (
				1D7B277F1A3E19B000E4055C /* Base */,
			);
			name = Main.storyboard;
			sourceTree = "<group>";
		};
		1D7B27831A3E19B000E4055C /* LaunchScreen.xib */ = {
			isa = PBXVariantGroup;
			children = (
				1D7B27841A3E19B000E4055C /* Base */,
			);
			name = LaunchScreen.xib;
			sourceTree = "<group>";
		};
/* End PBXVariantGroup section */

/* Begin XCBuildConfiguration section */
		1D7B27921A3E19B000E4055C /* Debug */ = {
			isa = XCBuildConfiguration;
			buildSettings = {
				ALWAYS_SEARCH_USER_PATHS = NO;
				CLANG_CXX_LANGUAGE_STANDARD = "gnu++0x";
				CLANG_CXX_LIBRARY = "libc++";
				CLANG_ENABLE_MODULES = YES;
				CLANG_ENABLE_OBJC_ARC = YES;
				CLANG_WARN_BOOL_CONVERSION = YES;
				CLANG_WARN_CONSTANT_CONVERSION = YES;
				CLANG_WARN_DIRECT_OBJC_ISA_USAGE = YES_ERROR;
				CLANG_WARN_EMPTY_BODY = YES;
				CLANG_WARN_ENUM_CONVERSION = YES;
				CLANG_WARN_INT_CONVERSION = YES;
				CLANG_WARN_OBJC_ROOT_CLASS = YES_ERROR;
				CLANG_WARN_UNREACHABLE_CODE = YES;
				CLANG_WARN__DUPLICATE_METHOD_MATCH = YES;
				"CODE_SIGN_IDENTITY[sdk=iphoneos*]" = "iPhone Developer";
				COPY_PHASE_STRIP = NO;
				ENABLE_STRICT_OBJC_MSGSEND = YES;
				GCC_C_LANGUAGE_STANDARD = gnu99;
				GCC_DYNAMIC_NO_PIC = NO;
				GCC_OPTIMIZATION_LEVEL = 0;
				GCC_PREPROCESSOR_DEFINITIONS = (
					"DEBUG=1",
					"$(inherited)",
				);
				GCC_SYMBOLS_PRIVATE_EXTERN = NO;
				GCC_WARN_64_TO_32_BIT_CONVERSION = YES;
				GCC_WARN_ABOUT_RETURN_TYPE = YES_ERROR;
				GCC_WARN_UNDECLARED_SELECTOR = YES;
				GCC_WARN_UNINITIALIZED_AUTOS = YES_AGGRESSIVE;
				GCC_WARN_UNUSED_FUNCTION = YES;
				GCC_WARN_UNUSED_VARIABLE = YES;
				IPHONEOS_DEPLOYMENT_TARGET = 8.1;
				MTL_ENABLE_DEBUG_INFO = YES;
				ONLY_ACTIVE_ARCH = YES;
				SDKROOT = iphoneos;
				SWIFT_OPTIMIZATION_LEVEL = "-Onone";
				TARGETED_DEVICE_FAMILY = "1,2";
			};
			name = Debug;
		};
		1D7B27931A3E19B000E4055C /* Release */ = {
			isa = XCBuildConfiguration;
			buildSettings = {
				ALWAYS_SEARCH_USER_PATHS = NO;
				CLANG_CXX_LANGUAGE_STANDARD = "gnu++0x";
				CLANG_CXX_LIBRARY = "libc++";
				CLANG_ENABLE_MODULES = YES;
				CLANG_ENABLE_OBJC_ARC = YES;
				CLANG_WARN_BOOL_CONVERSION = YES;
				CLANG_WARN_CONSTANT_CONVERSION = YES;
				CLANG_WARN_DIRECT_OBJC_ISA_USAGE = YES_ERROR;
				CLANG_WARN_EMPTY_BODY = YES;
				CLANG_WARN_ENUM_CONVERSION = YES;
				CLANG_WARN_INT_CONVERSION = YES;
				CLANG_WARN_OBJC_ROOT_CLASS = YES_ERROR;
				CLANG_WARN_UNREACHABLE_CODE = YES;
				CLANG_WARN__DUPLICATE_METHOD_MATCH = YES;
				"CODE_SIGN_IDENTITY[sdk=iphoneos*]" = "iPhone Developer";
				COPY_PHASE_STRIP = YES;
				ENABLE_NS_ASSERTIONS = NO;
				ENABLE_STRICT_OBJC_MSGSEND = YES;
				GCC_C_LANGUAGE_STANDARD = gnu99;
				GCC_WARN_64_TO_32_BIT_CONVERSION = YES;
				GCC_WARN_ABOUT_RETURN_TYPE = YES_ERROR;
				GCC_WARN_UNDECLARED_SELECTOR = YES;
				GCC_WARN_UNINITIALIZED_AUTOS = YES_AGGRESSIVE;
				GCC_WARN_UNUSED_FUNCTION = YES;
				GCC_WARN_UNUSED_VARIABLE = YES;
				IPHONEOS_DEPLOYMENT_TARGET = 8.1;
				MTL_ENABLE_DEBUG_INFO = NO;
				SDKROOT = iphoneos;
				TARGETED_DEVICE_FAMILY = "1,2";
				VALIDATE_PRODUCT = YES;
			};
			name = Release;
		};
		1D7B27951A3E19B000E4055C /* Debug */ = {
			isa = XCBuildConfiguration;
			buildSettings = {
				ASSETCATALOG_COMPILER_APPICON_NAME = AppIcon;
				INFOPLIST_FILE = LionAndTiger/Info.plist;
				LD_RUNPATH_SEARCH_PATHS = "$(inherited) @executable_path/Frameworks";
				PRODUCT_NAME = "$(TARGET_NAME)";
			};
			name = Debug;
		};
		1D7B27961A3E19B000E4055C /* Release */ = {
			isa = XCBuildConfiguration;
			buildSettings = {
				ASSETCATALOG_COMPILER_APPICON_NAME = AppIcon;
				INFOPLIST_FILE = LionAndTiger/Info.plist;
				LD_RUNPATH_SEARCH_PATHS = "$(inherited) @executable_path/Frameworks";
				PRODUCT_NAME = "$(TARGET_NAME)";
			};
			name = Release;
		};
		1D7B27981A3E19B000E4055C /* Debug */ = {
			isa = XCBuildConfiguration;
			buildSettings = {
				BUNDLE_LOADER = "$(TEST_HOST)";
				FRAMEWORK_SEARCH_PATHS = (
					"$(SDKROOT)/Developer/Library/Frameworks",
					"$(inherited)",
				);
				GCC_PREPROCESSOR_DEFINITIONS = (
					"DEBUG=1",
					"$(inherited)",
				);
				INFOPLIST_FILE = LionAndTigerTests/Info.plist;
				LD_RUNPATH_SEARCH_PATHS = "$(inherited) @executable_path/Frameworks @loader_path/Frameworks";
				PRODUCT_NAME = "$(TARGET_NAME)";
				TEST_HOST = "$(BUILT_PRODUCTS_DIR)/LionAndTiger.app/LionAndTiger";
			};
			name = Debug;
		};
		1D7B27991A3E19B000E4055C /* Release */ = {
			isa = XCBuildConfiguration;
			buildSettings = {
				BUNDLE_LOADER = "$(TEST_HOST)";
				FRAMEWORK_SEARCH_PATHS = (
					"$(SDKROOT)/Developer/Library/Frameworks",
					"$(inherited)",
				);
				INFOPLIST_FILE = LionAndTigerTests/Info.plist;
				LD_RUNPATH_SEARCH_PATHS = "$(inherited) @executable_path/Frameworks @loader_path/Frameworks";
				PRODUCT_NAME = "$(TARGET_NAME)";
				TEST_HOST = "$(BUILT_PRODUCTS_DIR)/LionAndTiger.app/LionAndTiger";
			};
			name = Release;
		};
/* End XCBuildConfiguration section */

/* Begin XCConfigurationList section */
		1D7B27701A3E19AE00E4055C /* Build configuration list for PBXProject "LionAndTiger" */ = {
			isa = XCConfigurationList;
			buildConfigurations = (
				1D7B27921A3E19B000E4055C /* Debug */,
				1D7B27931A3E19B000E4055C /* Release */,
			);
			defaultConfigurationIsVisible = 0;
			defaultConfigurationName = Release;
		};
		1D7B27941A3E19B000E4055C /* Build configuration list for PBXNativeTarget "LionAndTiger" */ = {
			isa = XCConfigurationList;
			buildConfigurations = (
				1D7B27951A3E19B000E4055C /* Debug */,
				1D7B27961A3E19B000E4055C /* Release */,
			);
			defaultConfigurationIsVisible = 0;
		};
		1D7B27971A3E19B000E4055C /* Build configuration list for PBXNativeTarget "LionAndTigerTests" */ = {
			isa = XCConfigurationList;
			buildConfigurations = (
				1D7B27981A3E19B000E4055C /* Debug */,
				1D7B27991A3E19B000E4055C /* Release */,
			);
			defaultConfigurationIsVisible = 0;
		};
/* End XCConfigurationList section */
	};
	rootObject = 1D7B276D1A3E19AE00E4055C /* Project object */;
}
